
Microsoft Visual Studio Solution File, Format Version 12.00
# Visual Studio 14
VisualStudioVersion = 14.0.25420.1
MinimumVisualStudioVersion = 10.0.40219.1
Project("{FAE04EC0-301F-11D3-BF4B-00C04F79EFBC}") = "airmily", "airmily\airmily\airmily.csproj", "{806172FA-4D33-4A0A-AFC2-D82AD4601BC4}"
EndProject
Project("{FAE04EC0-301F-11D3-BF4B-00C04F79EFBC}") = "airmily.Droid", "airmily\airmily.Droid\airmily.Droid.csproj", "{43BE155A-4ECB-4AAD-A521-A854E3D6AB56}"
EndProject
Project("{FAE04EC0-301F-11D3-BF4B-00C04F79EFBC}") = "airmily.iOS", "airmily\airmily.iOS\airmily.iOS.csproj", "{874908E7-5E2D-4168-B8E3-35EB4D4CBAA0}"
EndProject
Project("{FAE04EC0-301F-11D3-BF4B-00C04F79EFBC}") = "airmily.Services", "airmily.Services\airmily.Services.csproj", "{F53B6FC5-15ED-4D39-9947-881E859B4B61}"
EndProject
Global
	GlobalSection(SolutionConfigurationPlatforms) = preSolution
		Ad-Hoc|Android = Ad-Hoc|Android
		Ad-Hoc|Any CPU = Ad-Hoc|Any CPU
		Ad-Hoc|ARM = Ad-Hoc|ARM
		Ad-Hoc|iOS = Ad-Hoc|iOS
		Ad-Hoc|iPhone = Ad-Hoc|iPhone
		Ad-Hoc|iPhoneSimulator = Ad-Hoc|iPhoneSimulator
		Ad-Hoc|Windows Phone (Universal) = Ad-Hoc|Windows Phone (Universal)
		Ad-Hoc|Windows Phone 8 = Ad-Hoc|Windows Phone 8
		Ad-Hoc|Windows-AnyCPU = Ad-Hoc|Windows-AnyCPU
		Ad-Hoc|Windows-ARM = Ad-Hoc|Windows-ARM
		Ad-Hoc|Windows-x64 = Ad-Hoc|Windows-x64
		Ad-Hoc|Windows-x86 = Ad-Hoc|Windows-x86
		Ad-Hoc|x86 = Ad-Hoc|x86
		AppStore|Android = AppStore|Android
		AppStore|Any CPU = AppStore|Any CPU
		AppStore|ARM = AppStore|ARM
		AppStore|iOS = AppStore|iOS
		AppStore|iPhone = AppStore|iPhone
		AppStore|iPhoneSimulator = AppStore|iPhoneSimulator
		AppStore|Windows Phone (Universal) = AppStore|Windows Phone (Universal)
		AppStore|Windows Phone 8 = AppStore|Windows Phone 8
		AppStore|Windows-AnyCPU = AppStore|Windows-AnyCPU
		AppStore|Windows-ARM = AppStore|Windows-ARM
		AppStore|Windows-x64 = AppStore|Windows-x64
		AppStore|Windows-x86 = AppStore|Windows-x86
		AppStore|x86 = AppStore|x86
		Debug|Android = Debug|Android
		Debug|Any CPU = Debug|Any CPU
		Debug|ARM = Debug|ARM
		Debug|iOS = Debug|iOS
		Debug|iPhone = Debug|iPhone
		Debug|iPhoneSimulator = Debug|iPhoneSimulator
		Debug|Windows Phone (Universal) = Debug|Windows Phone (Universal)
		Debug|Windows Phone 8 = Debug|Windows Phone 8
		Debug|Windows-AnyCPU = Debug|Windows-AnyCPU
		Debug|Windows-ARM = Debug|Windows-ARM
		Debug|Windows-x64 = Debug|Windows-x64
		Debug|Windows-x86 = Debug|Windows-x86
		Debug|x86 = Debug|x86
		Release|Android = Release|Android
		Release|Any CPU = Release|Any CPU
		Release|ARM = Release|ARM
		Release|iOS = Release|iOS
		Release|iPhone = Release|iPhone
		Release|iPhoneSimulator = Release|iPhoneSimulator
		Release|Windows Phone (Universal) = Release|Windows Phone (Universal)
		Release|Windows Phone 8 = Release|Windows Phone 8
		Release|Windows-AnyCPU = Release|Windows-AnyCPU
		Release|Windows-ARM = Release|Windows-ARM
		Release|Windows-x64 = Release|Windows-x64
		Release|Windows-x86 = Release|Windows-x86
		Release|x86 = Release|x86
	EndGlobalSection
	GlobalSection(ProjectConfigurationPlatforms) = postSolution
		{806172FA-4D33-4A0A-AFC2-D82AD4601BC4}.Ad-Hoc|Android.ActiveCfg = Debug|Any CPU
		{806172FA-4D33-4A0A-AFC2-D82AD4601BC4}.Ad-Hoc|Android.Build.0 = Debug|Any CPU
		{806172FA-4D33-4A0A-AFC2-D82AD4601BC4}.Ad-Hoc|Any CPU.ActiveCfg = Release|Any CPU
		{806172FA-4D33-4A0A-AFC2-D82AD4601BC4}.Ad-Hoc|Any CPU.Build.0 = Release|Any CPU
		{806172FA-4D33-4A0A-AFC2-D82AD4601BC4}.Ad-Hoc|ARM.ActiveCfg = Release|Any CPU
		{806172FA-4D33-4A0A-AFC2-D82AD4601BC4}.Ad-Hoc|ARM.Build.0 = Release|Any CPU
		{806172FA-4D33-4A0A-AFC2-D82AD4601BC4}.Ad-Hoc|iOS.ActiveCfg = Debug|Any CPU
		{806172FA-4D33-4A0A-AFC2-D82AD4601BC4}.Ad-Hoc|iOS.Build.0 = Debug|Any CPU
		{806172FA-4D33-4A0A-AFC2-D82AD4601BC4}.Ad-Hoc|iPhone.ActiveCfg = Release|Any CPU
		{806172FA-4D33-4A0A-AFC2-D82AD4601BC4}.Ad-Hoc|iPhone.Build.0 = Release|Any CPU
		{806172FA-4D33-4A0A-AFC2-D82AD4601BC4}.Ad-Hoc|iPhoneSimulator.ActiveCfg = Release|Any CPU
		{806172FA-4D33-4A0A-AFC2-D82AD4601BC4}.Ad-Hoc|iPhoneSimulator.Build.0 = Release|Any CPU
		{806172FA-4D33-4A0A-AFC2-D82AD4601BC4}.Ad-Hoc|Windows Phone (Universal).ActiveCfg = Debug|Any CPU
		{806172FA-4D33-4A0A-AFC2-D82AD4601BC4}.Ad-Hoc|Windows Phone (Universal).Build.0 = Debug|Any CPU
		{806172FA-4D33-4A0A-AFC2-D82AD4601BC4}.Ad-Hoc|Windows Phone 8.ActiveCfg = Debug|Any CPU
		{806172FA-4D33-4A0A-AFC2-D82AD4601BC4}.Ad-Hoc|Windows Phone 8.Build.0 = Debug|Any CPU
		{806172FA-4D33-4A0A-AFC2-D82AD4601BC4}.Ad-Hoc|Windows-AnyCPU.ActiveCfg = Debug|Any CPU
		{806172FA-4D33-4A0A-AFC2-D82AD4601BC4}.Ad-Hoc|Windows-AnyCPU.Build.0 = Debug|Any CPU
		{806172FA-4D33-4A0A-AFC2-D82AD4601BC4}.Ad-Hoc|Windows-ARM.ActiveCfg = Debug|Any CPU
		{806172FA-4D33-4A0A-AFC2-D82AD4601BC4}.Ad-Hoc|Windows-ARM.Build.0 = Debug|Any CPU
		{806172FA-4D33-4A0A-AFC2-D82AD4601BC4}.Ad-Hoc|Windows-x64.ActiveCfg = Debug|Any CPU
		{806172FA-4D33-4A0A-AFC2-D82AD4601BC4}.Ad-Hoc|Windows-x64.Build.0 = Debug|Any CPU
		{806172FA-4D33-4A0A-AFC2-D82AD4601BC4}.Ad-Hoc|Windows-x86.ActiveCfg = Debug|Any CPU
		{806172FA-4D33-4A0A-AFC2-D82AD4601BC4}.Ad-Hoc|Windows-x86.Build.0 = Debug|Any CPU
		{806172FA-4D33-4A0A-AFC2-D82AD4601BC4}.Ad-Hoc|x86.ActiveCfg = Release|Any CPU
		{806172FA-4D33-4A0A-AFC2-D82AD4601BC4}.Ad-Hoc|x86.Build.0 = Release|Any CPU
		{806172FA-4D33-4A0A-AFC2-D82AD4601BC4}.AppStore|Android.ActiveCfg = Debug|Any CPU
		{806172FA-4D33-4A0A-AFC2-D82AD4601BC4}.AppStore|Android.Build.0 = Debug|Any CPU
		{806172FA-4D33-4A0A-AFC2-D82AD4601BC4}.AppStore|Any CPU.ActiveCfg = Release|Any CPU
		{806172FA-4D33-4A0A-AFC2-D82AD4601BC4}.AppStore|Any CPU.Build.0 = Release|Any CPU
		{806172FA-4D33-4A0A-AFC2-D82AD4601BC4}.AppStore|ARM.ActiveCfg = Release|Any CPU
		{806172FA-4D33-4A0A-AFC2-D82AD4601BC4}.AppStore|ARM.Build.0 = Release|Any CPU
		{806172FA-4D33-4A0A-AFC2-D82AD4601BC4}.AppStore|iOS.ActiveCfg = Debug|Any CPU
		{806172FA-4D33-4A0A-AFC2-D82AD4601BC4}.AppStore|iOS.Build.0 = Debug|Any CPU
		{806172FA-4D33-4A0A-AFC2-D82AD4601BC4}.AppStore|iPhone.ActiveCfg = Release|Any CPU
		{806172FA-4D33-4A0A-AFC2-D82AD4601BC4}.AppStore|iPhone.Build.0 = Release|Any CPU
		{806172FA-4D33-4A0A-AFC2-D82AD4601BC4}.AppStore|iPhoneSimulator.ActiveCfg = Release|Any CPU
		{806172FA-4D33-4A0A-AFC2-D82AD4601BC4}.AppStore|iPhoneSimulator.Build.0 = Release|Any CPU
		{806172FA-4D33-4A0A-AFC2-D82AD4601BC4}.AppStore|Windows Phone (Universal).ActiveCfg = Debug|Any CPU
		{806172FA-4D33-4A0A-AFC2-D82AD4601BC4}.AppStore|Windows Phone (Universal).Build.0 = Debug|Any CPU
		{806172FA-4D33-4A0A-AFC2-D82AD4601BC4}.AppStore|Windows Phone 8.ActiveCfg = Debug|Any CPU
		{806172FA-4D33-4A0A-AFC2-D82AD4601BC4}.AppStore|Windows Phone 8.Build.0 = Debug|Any CPU
		{806172FA-4D33-4A0A-AFC2-D82AD4601BC4}.AppStore|Windows-AnyCPU.ActiveCfg = Debug|Any CPU
		{806172FA-4D33-4A0A-AFC2-D82AD4601BC4}.AppStore|Windows-AnyCPU.Build.0 = Debug|Any CPU
		{806172FA-4D33-4A0A-AFC2-D82AD4601BC4}.AppStore|Windows-ARM.ActiveCfg = Debug|Any CPU
		{806172FA-4D33-4A0A-AFC2-D82AD4601BC4}.AppStore|Windows-ARM.Build.0 = Debug|Any CPU
		{806172FA-4D33-4A0A-AFC2-D82AD4601BC4}.AppStore|Windows-x64.ActiveCfg = Debug|Any CPU
		{806172FA-4D33-4A0A-AFC2-D82AD4601BC4}.AppStore|Windows-x64.Build.0 = Debug|Any CPU
		{806172FA-4D33-4A0A-AFC2-D82AD4601BC4}.AppStore|Windows-x86.ActiveCfg = Debug|Any CPU
		{806172FA-4D33-4A0A-AFC2-D82AD4601BC4}.AppStore|Windows-x86.Build.0 = Debug|Any CPU
		{806172FA-4D33-4A0A-AFC2-D82AD4601BC4}.AppStore|x86.ActiveCfg = Release|Any CPU
		{806172FA-4D33-4A0A-AFC2-D82AD4601BC4}.AppStore|x86.Build.0 = Release|Any CPU
		{806172FA-4D33-4A0A-AFC2-D82AD4601BC4}.Debug|Android.ActiveCfg = Debug|Any CPU
		{806172FA-4D33-4A0A-AFC2-D82AD4601BC4}.Debug|Android.Build.0 = Debug|Any CPU
		{806172FA-4D33-4A0A-AFC2-D82AD4601BC4}.Debug|Any CPU.ActiveCfg = Debug|Any CPU
		{806172FA-4D33-4A0A-AFC2-D82AD4601BC4}.Debug|Any CPU.Build.0 = Debug|Any CPU
		{806172FA-4D33-4A0A-AFC2-D82AD4601BC4}.Debug|ARM.ActiveCfg = Debug|Any CPU
		{806172FA-4D33-4A0A-AFC2-D82AD4601BC4}.Debug|ARM.Build.0 = Debug|Any CPU
		{806172FA-4D33-4A0A-AFC2-D82AD4601BC4}.Debug|iOS.ActiveCfg = Debug|Any CPU
		{806172FA-4D33-4A0A-AFC2-D82AD4601BC4}.Debug|iOS.Build.0 = Debug|Any CPU
		{806172FA-4D33-4A0A-AFC2-D82AD4601BC4}.Debug|iPhone.ActiveCfg = Debug|Any CPU
		{806172FA-4D33-4A0A-AFC2-D82AD4601BC4}.Debug|iPhone.Build.0 = Debug|Any CPU
		{806172FA-4D33-4A0A-AFC2-D82AD4601BC4}.Debug|iPhoneSimulator.ActiveCfg = Debug|Any CPU
		{806172FA-4D33-4A0A-AFC2-D82AD4601BC4}.Debug|iPhoneSimulator.Build.0 = Debug|Any CPU
		{806172FA-4D33-4A0A-AFC2-D82AD4601BC4}.Debug|Windows Phone (Universal).ActiveCfg = Debug|Any CPU
		{806172FA-4D33-4A0A-AFC2-D82AD4601BC4}.Debug|Windows Phone (Universal).Build.0 = Debug|Any CPU
		{806172FA-4D33-4A0A-AFC2-D82AD4601BC4}.Debug|Windows Phone 8.ActiveCfg = Debug|Any CPU
		{806172FA-4D33-4A0A-AFC2-D82AD4601BC4}.Debug|Windows Phone 8.Build.0 = Debug|Any CPU
		{806172FA-4D33-4A0A-AFC2-D82AD4601BC4}.Debug|Windows-AnyCPU.ActiveCfg = Debug|Any CPU
		{806172FA-4D33-4A0A-AFC2-D82AD4601BC4}.Debug|Windows-AnyCPU.Build.0 = Debug|Any CPU
		{806172FA-4D33-4A0A-AFC2-D82AD4601BC4}.Debug|Windows-ARM.ActiveCfg = Debug|Any CPU
		{806172FA-4D33-4A0A-AFC2-D82AD4601BC4}.Debug|Windows-ARM.Build.0 = Debug|Any CPU
		{806172FA-4D33-4A0A-AFC2-D82AD4601BC4}.Debug|Windows-x64.ActiveCfg = Debug|Any CPU
		{806172FA-4D33-4A0A-AFC2-D82AD4601BC4}.Debug|Windows-x64.Build.0 = Debug|Any CPU
		{806172FA-4D33-4A0A-AFC2-D82AD4601BC4}.Debug|Windows-x86.ActiveCfg = Debug|Any CPU
		{806172FA-4D33-4A0A-AFC2-D82AD4601BC4}.Debug|Windows-x86.Build.0 = Debug|Any CPU
		{806172FA-4D33-4A0A-AFC2-D82AD4601BC4}.Debug|x86.ActiveCfg = Debug|Any CPU
		{806172FA-4D33-4A0A-AFC2-D82AD4601BC4}.Debug|x86.Build.0 = Debug|Any CPU
		{806172FA-4D33-4A0A-AFC2-D82AD4601BC4}.Release|Android.ActiveCfg = Release|Any CPU
		{806172FA-4D33-4A0A-AFC2-D82AD4601BC4}.Release|Android.Build.0 = Release|Any CPU
		{806172FA-4D33-4A0A-AFC2-D82AD4601BC4}.Release|Any CPU.ActiveCfg = Release|Any CPU
		{806172FA-4D33-4A0A-AFC2-D82AD4601BC4}.Release|Any CPU.Build.0 = Release|Any CPU
		{806172FA-4D33-4A0A-AFC2-D82AD4601BC4}.Release|ARM.ActiveCfg = Release|Any CPU
		{806172FA-4D33-4A0A-AFC2-D82AD4601BC4}.Release|ARM.Build.0 = Release|Any CPU
		{806172FA-4D33-4A0A-AFC2-D82AD4601BC4}.Release|iOS.ActiveCfg = Release|Any CPU
		{806172FA-4D33-4A0A-AFC2-D82AD4601BC4}.Release|iOS.Build.0 = Release|Any CPU
		{806172FA-4D33-4A0A-AFC2-D82AD4601BC4}.Release|iPhone.ActiveCfg = Release|Any CPU
		{806172FA-4D33-4A0A-AFC2-D82AD4601BC4}.Release|iPhone.Build.0 = Release|Any CPU
		{806172FA-4D33-4A0A-AFC2-D82AD4601BC4}.Release|iPhoneSimulator.ActiveCfg = Release|Any CPU
		{806172FA-4D33-4A0A-AFC2-D82AD4601BC4}.Release|iPhoneSimulator.Build.0 = Release|Any CPU
		{806172FA-4D33-4A0A-AFC2-D82AD4601BC4}.Release|Windows Phone (Universal).ActiveCfg = Release|Any CPU
		{806172FA-4D33-4A0A-AFC2-D82AD4601BC4}.Release|Windows Phone (Universal).Build.0 = Release|Any CPU
		{806172FA-4D33-4A0A-AFC2-D82AD4601BC4}.Release|Windows Phone 8.ActiveCfg = Release|Any CPU
		{806172FA-4D33-4A0A-AFC2-D82AD4601BC4}.Release|Windows Phone 8.Build.0 = Release|Any CPU
		{806172FA-4D33-4A0A-AFC2-D82AD4601BC4}.Release|Windows-AnyCPU.ActiveCfg = Release|Any CPU
		{806172FA-4D33-4A0A-AFC2-D82AD4601BC4}.Release|Windows-AnyCPU.Build.0 = Release|Any CPU
		{806172FA-4D33-4A0A-AFC2-D82AD4601BC4}.Release|Windows-ARM.ActiveCfg = Release|Any CPU
		{806172FA-4D33-4A0A-AFC2-D82AD4601BC4}.Release|Windows-ARM.Build.0 = Release|Any CPU
		{806172FA-4D33-4A0A-AFC2-D82AD4601BC4}.Release|Windows-x64.ActiveCfg = Release|Any CPU
		{806172FA-4D33-4A0A-AFC2-D82AD4601BC4}.Release|Windows-x64.Build.0 = Release|Any CPU
		{806172FA-4D33-4A0A-AFC2-D82AD4601BC4}.Release|Windows-x86.ActiveCfg = Release|Any CPU
		{806172FA-4D33-4A0A-AFC2-D82AD4601BC4}.Release|Windows-x86.Build.0 = Release|Any CPU
		{806172FA-4D33-4A0A-AFC2-D82AD4601BC4}.Release|x86.ActiveCfg = Release|Any CPU
		{806172FA-4D33-4A0A-AFC2-D82AD4601BC4}.Release|x86.Build.0 = Release|Any CPU
		{43BE155A-4ECB-4AAD-A521-A854E3D6AB56}.Ad-Hoc|Android.ActiveCfg = Debug|Any CPU
		{43BE155A-4ECB-4AAD-A521-A854E3D6AB56}.Ad-Hoc|Android.Build.0 = Debug|Any CPU
		{43BE155A-4ECB-4AAD-A521-A854E3D6AB56}.Ad-Hoc|Android.Deploy.0 = Debug|Any CPU
		{43BE155A-4ECB-4AAD-A521-A854E3D6AB56}.Ad-Hoc|Any CPU.ActiveCfg = Release|Any CPU
		{43BE155A-4ECB-4AAD-A521-A854E3D6AB56}.Ad-Hoc|Any CPU.Build.0 = Release|Any CPU
		{43BE155A-4ECB-4AAD-A521-A854E3D6AB56}.Ad-Hoc|Any CPU.Deploy.0 = Release|Any CPU
		{43BE155A-4ECB-4AAD-A521-A854E3D6AB56}.Ad-Hoc|ARM.ActiveCfg = Release|Any CPU
		{43BE155A-4ECB-4AAD-A521-A854E3D6AB56}.Ad-Hoc|ARM.Build.0 = Release|Any CPU
		{43BE155A-4ECB-4AAD-A521-A854E3D6AB56}.Ad-Hoc|ARM.Deploy.0 = Release|Any CPU
		{43BE155A-4ECB-4AAD-A521-A854E3D6AB56}.Ad-Hoc|iOS.ActiveCfg = Debug|Any CPU
		{43BE155A-4ECB-4AAD-A521-A854E3D6AB56}.Ad-Hoc|iOS.Build.0 = Debug|Any CPU
		{43BE155A-4ECB-4AAD-A521-A854E3D6AB56}.Ad-Hoc|iOS.Deploy.0 = Debug|Any CPU
		{43BE155A-4ECB-4AAD-A521-A854E3D6AB56}.Ad-Hoc|iPhone.ActiveCfg = Release|Any CPU
		{43BE155A-4ECB-4AAD-A521-A854E3D6AB56}.Ad-Hoc|iPhone.Build.0 = Release|Any CPU
		{43BE155A-4ECB-4AAD-A521-A854E3D6AB56}.Ad-Hoc|iPhone.Deploy.0 = Release|Any CPU
		{43BE155A-4ECB-4AAD-A521-A854E3D6AB56}.Ad-Hoc|iPhoneSimulator.ActiveCfg = Release|Any CPU
		{43BE155A-4ECB-4AAD-A521-A854E3D6AB56}.Ad-Hoc|iPhoneSimulator.Build.0 = Release|Any CPU
		{43BE155A-4ECB-4AAD-A521-A854E3D6AB56}.Ad-Hoc|iPhoneSimulator.Deploy.0 = Release|Any CPU
		{43BE155A-4ECB-4AAD-A521-A854E3D6AB56}.Ad-Hoc|Windows Phone (Universal).ActiveCfg = Debug|Any CPU
		{43BE155A-4ECB-4AAD-A521-A854E3D6AB56}.Ad-Hoc|Windows Phone (Universal).Build.0 = Debug|Any CPU
		{43BE155A-4ECB-4AAD-A521-A854E3D6AB56}.Ad-Hoc|Windows Phone (Universal).Deploy.0 = Debug|Any CPU
		{43BE155A-4ECB-4AAD-A521-A854E3D6AB56}.Ad-Hoc|Windows Phone 8.ActiveCfg = Debug|Any CPU
		{43BE155A-4ECB-4AAD-A521-A854E3D6AB56}.Ad-Hoc|Windows Phone 8.Build.0 = Debug|Any CPU
		{43BE155A-4ECB-4AAD-A521-A854E3D6AB56}.Ad-Hoc|Windows Phone 8.Deploy.0 = Debug|Any CPU
		{43BE155A-4ECB-4AAD-A521-A854E3D6AB56}.Ad-Hoc|Windows-AnyCPU.ActiveCfg = Debug|Any CPU
		{43BE155A-4ECB-4AAD-A521-A854E3D6AB56}.Ad-Hoc|Windows-AnyCPU.Build.0 = Debug|Any CPU
		{43BE155A-4ECB-4AAD-A521-A854E3D6AB56}.Ad-Hoc|Windows-AnyCPU.Deploy.0 = Debug|Any CPU
		{43BE155A-4ECB-4AAD-A521-A854E3D6AB56}.Ad-Hoc|Windows-ARM.ActiveCfg = Debug|Any CPU
		{43BE155A-4ECB-4AAD-A521-A854E3D6AB56}.Ad-Hoc|Windows-ARM.Build.0 = Debug|Any CPU
		{43BE155A-4ECB-4AAD-A521-A854E3D6AB56}.Ad-Hoc|Windows-ARM.Deploy.0 = Debug|Any CPU
		{43BE155A-4ECB-4AAD-A521-A854E3D6AB56}.Ad-Hoc|Windows-x64.ActiveCfg = Debug|Any CPU
		{43BE155A-4ECB-4AAD-A521-A854E3D6AB56}.Ad-Hoc|Windows-x64.Build.0 = Debug|Any CPU
		{43BE155A-4ECB-4AAD-A521-A854E3D6AB56}.Ad-Hoc|Windows-x64.Deploy.0 = Debug|Any CPU
		{43BE155A-4ECB-4AAD-A521-A854E3D6AB56}.Ad-Hoc|Windows-x86.ActiveCfg = Debug|Any CPU
		{43BE155A-4ECB-4AAD-A521-A854E3D6AB56}.Ad-Hoc|Windows-x86.Build.0 = Debug|Any CPU
		{43BE155A-4ECB-4AAD-A521-A854E3D6AB56}.Ad-Hoc|Windows-x86.Deploy.0 = Debug|Any CPU
		{43BE155A-4ECB-4AAD-A521-A854E3D6AB56}.Ad-Hoc|x86.ActiveCfg = Release|Any CPU
		{43BE155A-4ECB-4AAD-A521-A854E3D6AB56}.Ad-Hoc|x86.Build.0 = Release|Any CPU
		{43BE155A-4ECB-4AAD-A521-A854E3D6AB56}.Ad-Hoc|x86.Deploy.0 = Release|Any CPU
		{43BE155A-4ECB-4AAD-A521-A854E3D6AB56}.AppStore|Android.ActiveCfg = Debug|Any CPU
		{43BE155A-4ECB-4AAD-A521-A854E3D6AB56}.AppStore|Android.Build.0 = Debug|Any CPU
		{43BE155A-4ECB-4AAD-A521-A854E3D6AB56}.AppStore|Android.Deploy.0 = Debug|Any CPU
		{43BE155A-4ECB-4AAD-A521-A854E3D6AB56}.AppStore|Any CPU.ActiveCfg = Release|Any CPU
		{43BE155A-4ECB-4AAD-A521-A854E3D6AB56}.AppStore|Any CPU.Build.0 = Release|Any CPU
		{43BE155A-4ECB-4AAD-A521-A854E3D6AB56}.AppStore|Any CPU.Deploy.0 = Release|Any CPU
		{43BE155A-4ECB-4AAD-A521-A854E3D6AB56}.AppStore|ARM.ActiveCfg = Release|Any CPU
		{43BE155A-4ECB-4AAD-A521-A854E3D6AB56}.AppStore|ARM.Build.0 = Release|Any CPU
		{43BE155A-4ECB-4AAD-A521-A854E3D6AB56}.AppStore|ARM.Deploy.0 = Release|Any CPU
		{43BE155A-4ECB-4AAD-A521-A854E3D6AB56}.AppStore|iOS.ActiveCfg = Debug|Any CPU
		{43BE155A-4ECB-4AAD-A521-A854E3D6AB56}.AppStore|iOS.Build.0 = Debug|Any CPU
		{43BE155A-4ECB-4AAD-A521-A854E3D6AB56}.AppStore|iOS.Deploy.0 = Debug|Any CPU
		{43BE155A-4ECB-4AAD-A521-A854E3D6AB56}.AppStore|iPhone.ActiveCfg = Release|Any CPU
		{43BE155A-4ECB-4AAD-A521-A854E3D6AB56}.AppStore|iPhone.Build.0 = Release|Any CPU
		{43BE155A-4ECB-4AAD-A521-A854E3D6AB56}.AppStore|iPhone.Deploy.0 = Release|Any CPU
		{43BE155A-4ECB-4AAD-A521-A854E3D6AB56}.AppStore|iPhoneSimulator.ActiveCfg = Release|Any CPU
		{43BE155A-4ECB-4AAD-A521-A854E3D6AB56}.AppStore|iPhoneSimulator.Build.0 = Release|Any CPU
		{43BE155A-4ECB-4AAD-A521-A854E3D6AB56}.AppStore|iPhoneSimulator.Deploy.0 = Release|Any CPU
		{43BE155A-4ECB-4AAD-A521-A854E3D6AB56}.AppStore|Windows Phone (Universal).ActiveCfg = Debug|Any CPU
		{43BE155A-4ECB-4AAD-A521-A854E3D6AB56}.AppStore|Windows Phone (Universal).Build.0 = Debug|Any CPU
		{43BE155A-4ECB-4AAD-A521-A854E3D6AB56}.AppStore|Windows Phone (Universal).Deploy.0 = Debug|Any CPU
		{43BE155A-4ECB-4AAD-A521-A854E3D6AB56}.AppStore|Windows Phone 8.ActiveCfg = Debug|Any CPU
		{43BE155A-4ECB-4AAD-A521-A854E3D6AB56}.AppStore|Windows Phone 8.Build.0 = Debug|Any CPU
		{43BE155A-4ECB-4AAD-A521-A854E3D6AB56}.AppStore|Windows Phone 8.Deploy.0 = Debug|Any CPU
		{43BE155A-4ECB-4AAD-A521-A854E3D6AB56}.AppStore|Windows-AnyCPU.ActiveCfg = Debug|Any CPU
		{43BE155A-4ECB-4AAD-A521-A854E3D6AB56}.AppStore|Windows-AnyCPU.Build.0 = Debug|Any CPU
		{43BE155A-4ECB-4AAD-A521-A854E3D6AB56}.AppStore|Windows-AnyCPU.Deploy.0 = Debug|Any CPU
		{43BE155A-4ECB-4AAD-A521-A854E3D6AB56}.AppStore|Windows-ARM.ActiveCfg = Debug|Any CPU
		{43BE155A-4ECB-4AAD-A521-A854E3D6AB56}.AppStore|Windows-ARM.Build.0 = Debug|Any CPU
		{43BE155A-4ECB-4AAD-A521-A854E3D6AB56}.AppStore|Windows-ARM.Deploy.0 = Debug|Any CPU
		{43BE155A-4ECB-4AAD-A521-A854E3D6AB56}.AppStore|Windows-x64.ActiveCfg = Debug|Any CPU
		{43BE155A-4ECB-4AAD-A521-A854E3D6AB56}.AppStore|Windows-x64.Build.0 = Debug|Any CPU
		{43BE155A-4ECB-4AAD-A521-A854E3D6AB56}.AppStore|Windows-x64.Deploy.0 = Debug|Any CPU
		{43BE155A-4ECB-4AAD-A521-A854E3D6AB56}.AppStore|Windows-x86.ActiveCfg = Debug|Any CPU
		{43BE155A-4ECB-4AAD-A521-A854E3D6AB56}.AppStore|Windows-x86.Build.0 = Debug|Any CPU
		{43BE155A-4ECB-4AAD-A521-A854E3D6AB56}.AppStore|Windows-x86.Deploy.0 = Debug|Any CPU
		{43BE155A-4ECB-4AAD-A521-A854E3D6AB56}.AppStore|x86.ActiveCfg = Release|Any CPU
		{43BE155A-4ECB-4AAD-A521-A854E3D6AB56}.AppStore|x86.Build.0 = Release|Any CPU
		{43BE155A-4ECB-4AAD-A521-A854E3D6AB56}.AppStore|x86.Deploy.0 = Release|Any CPU
		{43BE155A-4ECB-4AAD-A521-A854E3D6AB56}.Debug|Android.ActiveCfg = Debug|Any CPU
		{43BE155A-4ECB-4AAD-A521-A854E3D6AB56}.Debug|Android.Build.0 = Debug|Any CPU
		{43BE155A-4ECB-4AAD-A521-A854E3D6AB56}.Debug|Android.Deploy.0 = Debug|Any CPU
		{43BE155A-4ECB-4AAD-A521-A854E3D6AB56}.Debug|Any CPU.ActiveCfg = Debug|Any CPU
		{43BE155A-4ECB-4AAD-A521-A854E3D6AB56}.Debug|Any CPU.Build.0 = Debug|Any CPU
		{43BE155A-4ECB-4AAD-A521-A854E3D6AB56}.Debug|Any CPU.Deploy.0 = Debug|Any CPU
		{43BE155A-4ECB-4AAD-A521-A854E3D6AB56}.Debug|ARM.ActiveCfg = Debug|Any CPU
		{43BE155A-4ECB-4AAD-A521-A854E3D6AB56}.Debug|ARM.Build.0 = Debug|Any CPU
		{43BE155A-4ECB-4AAD-A521-A854E3D6AB56}.Debug|ARM.Deploy.0 = Debug|Any CPU
		{43BE155A-4ECB-4AAD-A521-A854E3D6AB56}.Debug|iOS.ActiveCfg = Debug|Any CPU
		{43BE155A-4ECB-4AAD-A521-A854E3D6AB56}.Debug|iOS.Build.0 = Debug|Any CPU
		{43BE155A-4ECB-4AAD-A521-A854E3D6AB56}.Debug|iOS.Deploy.0 = Debug|Any CPU
		{43BE155A-4ECB-4AAD-A521-A854E3D6AB56}.Debug|iPhone.ActiveCfg = Debug|Any CPU
		{43BE155A-4ECB-4AAD-A521-A854E3D6AB56}.Debug|iPhone.Build.0 = Debug|Any CPU
		{43BE155A-4ECB-4AAD-A521-A854E3D6AB56}.Debug|iPhone.Deploy.0 = Debug|Any CPU
		{43BE155A-4ECB-4AAD-A521-A854E3D6AB56}.Debug|iPhoneSimulator.ActiveCfg = Debug|Any CPU
		{43BE155A-4ECB-4AAD-A521-A854E3D6AB56}.Debug|iPhoneSimulator.Build.0 = Debug|Any CPU
		{43BE155A-4ECB-4AAD-A521-A854E3D6AB56}.Debug|iPhoneSimulator.Deploy.0 = Debug|Any CPU
		{43BE155A-4ECB-4AAD-A521-A854E3D6AB56}.Debug|Windows Phone (Universal).ActiveCfg = Debug|Any CPU
		{43BE155A-4ECB-4AAD-A521-A854E3D6AB56}.Debug|Windows Phone (Universal).Build.0 = Debug|Any CPU
		{43BE155A-4ECB-4AAD-A521-A854E3D6AB56}.Debug|Windows Phone (Universal).Deploy.0 = Debug|Any CPU
		{43BE155A-4ECB-4AAD-A521-A854E3D6AB56}.Debug|Windows Phone 8.ActiveCfg = Debug|Any CPU
		{43BE155A-4ECB-4AAD-A521-A854E3D6AB56}.Debug|Windows Phone 8.Build.0 = Debug|Any CPU
		{43BE155A-4ECB-4AAD-A521-A854E3D6AB56}.Debug|Windows Phone 8.Deploy.0 = Debug|Any CPU
		{43BE155A-4ECB-4AAD-A521-A854E3D6AB56}.Debug|Windows-AnyCPU.ActiveCfg = Debug|Any CPU
		{43BE155A-4ECB-4AAD-A521-A854E3D6AB56}.Debug|Windows-AnyCPU.Build.0 = Debug|Any CPU
		{43BE155A-4ECB-4AAD-A521-A854E3D6AB56}.Debug|Windows-AnyCPU.Deploy.0 = Debug|Any CPU
		{43BE155A-4ECB-4AAD-A521-A854E3D6AB56}.Debug|Windows-ARM.ActiveCfg = Debug|Any CPU
		{43BE155A-4ECB-4AAD-A521-A854E3D6AB56}.Debug|Windows-ARM.Build.0 = Debug|Any CPU
		{43BE155A-4ECB-4AAD-A521-A854E3D6AB56}.Debug|Windows-ARM.Deploy.0 = Debug|Any CPU
		{43BE155A-4ECB-4AAD-A521-A854E3D6AB56}.Debug|Windows-x64.ActiveCfg = Debug|Any CPU
		{43BE155A-4ECB-4AAD-A521-A854E3D6AB56}.Debug|Windows-x64.Build.0 = Debug|Any CPU
		{43BE155A-4ECB-4AAD-A521-A854E3D6AB56}.Debug|Windows-x64.Deploy.0 = Debug|Any CPU
		{43BE155A-4ECB-4AAD-A521-A854E3D6AB56}.Debug|Windows-x86.ActiveCfg = Debug|Any CPU
		{43BE155A-4ECB-4AAD-A521-A854E3D6AB56}.Debug|Windows-x86.Build.0 = Debug|Any CPU
		{43BE155A-4ECB-4AAD-A521-A854E3D6AB56}.Debug|Windows-x86.Deploy.0 = Debug|Any CPU
		{43BE155A-4ECB-4AAD-A521-A854E3D6AB56}.Debug|x86.ActiveCfg = Debug|Any CPU
		{43BE155A-4ECB-4AAD-A521-A854E3D6AB56}.Debug|x86.Build.0 = Debug|Any CPU
		{43BE155A-4ECB-4AAD-A521-A854E3D6AB56}.Debug|x86.Deploy.0 = Debug|Any CPU
		{43BE155A-4ECB-4AAD-A521-A854E3D6AB56}.Release|Android.ActiveCfg = Release|Any CPU
		{43BE155A-4ECB-4AAD-A521-A854E3D6AB56}.Release|Android.Build.0 = Release|Any CPU
		{43BE155A-4ECB-4AAD-A521-A854E3D6AB56}.Release|Android.Deploy.0 = Release|Any CPU
		{43BE155A-4ECB-4AAD-A521-A854E3D6AB56}.Release|Any CPU.ActiveCfg = Release|Any CPU
		{43BE155A-4ECB-4AAD-A521-A854E3D6AB56}.Release|Any CPU.Build.0 = Release|Any CPU
		{43BE155A-4ECB-4AAD-A521-A854E3D6AB56}.Release|Any CPU.Deploy.0 = Release|Any CPU
		{43BE155A-4ECB-4AAD-A521-A854E3D6AB56}.Release|ARM.ActiveCfg = Release|Any CPU
		{43BE155A-4ECB-4AAD-A521-A854E3D6AB56}.Release|ARM.Build.0 = Release|Any CPU
		{43BE155A-4ECB-4AAD-A521-A854E3D6AB56}.Release|ARM.Deploy.0 = Release|Any CPU
		{43BE155A-4ECB-4AAD-A521-A854E3D6AB56}.Release|iOS.ActiveCfg = Release|Any CPU
		{43BE155A-4ECB-4AAD-A521-A854E3D6AB56}.Release|iOS.Build.0 = Release|Any CPU
		{43BE155A-4ECB-4AAD-A521-A854E3D6AB56}.Release|iOS.Deploy.0 = Release|Any CPU
		{43BE155A-4ECB-4AAD-A521-A854E3D6AB56}.Release|iPhone.ActiveCfg = Release|Any CPU
		{43BE155A-4ECB-4AAD-A521-A854E3D6AB56}.Release|iPhone.Build.0 = Release|Any CPU
		{43BE155A-4ECB-4AAD-A521-A854E3D6AB56}.Release|iPhone.Deploy.0 = Release|Any CPU
		{43BE155A-4ECB-4AAD-A521-A854E3D6AB56}.Release|iPhoneSimulator.ActiveCfg = Release|Any CPU
		{43BE155A-4ECB-4AAD-A521-A854E3D6AB56}.Release|iPhoneSimulator.Build.0 = Release|Any CPU
		{43BE155A-4ECB-4AAD-A521-A854E3D6AB56}.Release|iPhoneSimulator.Deploy.0 = Release|Any CPU
		{43BE155A-4ECB-4AAD-A521-A854E3D6AB56}.Release|Windows Phone (Universal).ActiveCfg = Release|Any CPU
		{43BE155A-4ECB-4AAD-A521-A854E3D6AB56}.Release|Windows Phone (Universal).Build.0 = Release|Any CPU
		{43BE155A-4ECB-4AAD-A521-A854E3D6AB56}.Release|Windows Phone (Universal).Deploy.0 = Release|Any CPU
		{43BE155A-4ECB-4AAD-A521-A854E3D6AB56}.Release|Windows Phone 8.ActiveCfg = Release|Any CPU
		{43BE155A-4ECB-4AAD-A521-A854E3D6AB56}.Release|Windows Phone 8.Build.0 = Release|Any CPU
		{43BE155A-4ECB-4AAD-A521-A854E3D6AB56}.Release|Windows Phone 8.Deploy.0 = Release|Any CPU
		{43BE155A-4ECB-4AAD-A521-A854E3D6AB56}.Release|Windows-AnyCPU.ActiveCfg = Release|Any CPU
		{43BE155A-4ECB-4AAD-A521-A854E3D6AB56}.Release|Windows-AnyCPU.Build.0 = Release|Any CPU
		{43BE155A-4ECB-4AAD-A521-A854E3D6AB56}.Release|Windows-AnyCPU.Deploy.0 = Release|Any CPU
		{43BE155A-4ECB-4AAD-A521-A854E3D6AB56}.Release|Windows-ARM.ActiveCfg = Release|Any CPU
		{43BE155A-4ECB-4AAD-A521-A854E3D6AB56}.Release|Windows-ARM.Build.0 = Release|Any CPU
		{43BE155A-4ECB-4AAD-A521-A854E3D6AB56}.Release|Windows-ARM.Deploy.0 = Release|Any CPU
		{43BE155A-4ECB-4AAD-A521-A854E3D6AB56}.Release|Windows-x64.ActiveCfg = Release|Any CPU
		{43BE155A-4ECB-4AAD-A521-A854E3D6AB56}.Release|Windows-x64.Build.0 = Release|Any CPU
		{43BE155A-4ECB-4AAD-A521-A854E3D6AB56}.Release|Windows-x64.Deploy.0 = Release|Any CPU
		{43BE155A-4ECB-4AAD-A521-A854E3D6AB56}.Release|Windows-x86.ActiveCfg = Release|Any CPU
		{43BE155A-4ECB-4AAD-A521-A854E3D6AB56}.Release|Windows-x86.Build.0 = Release|Any CPU
		{43BE155A-4ECB-4AAD-A521-A854E3D6AB56}.Release|Windows-x86.Deploy.0 = Release|Any CPU
		{43BE155A-4ECB-4AAD-A521-A854E3D6AB56}.Release|x86.ActiveCfg = Release|Any CPU
		{43BE155A-4ECB-4AAD-A521-A854E3D6AB56}.Release|x86.Build.0 = Release|Any CPU
		{43BE155A-4ECB-4AAD-A521-A854E3D6AB56}.Release|x86.Deploy.0 = Release|Any CPU
		{874908E7-5E2D-4168-B8E3-35EB4D4CBAA0}.Ad-Hoc|Android.ActiveCfg = Ad-Hoc|iPhoneSimulator
		{874908E7-5E2D-4168-B8E3-35EB4D4CBAA0}.Ad-Hoc|Any CPU.ActiveCfg = Ad-Hoc|iPhone
		{874908E7-5E2D-4168-B8E3-35EB4D4CBAA0}.Ad-Hoc|ARM.ActiveCfg = Ad-Hoc|iPhone
		{874908E7-5E2D-4168-B8E3-35EB4D4CBAA0}.Ad-Hoc|iOS.ActiveCfg = Ad-Hoc|iPhoneSimulator
		{874908E7-5E2D-4168-B8E3-35EB4D4CBAA0}.Ad-Hoc|iPhone.ActiveCfg = Ad-Hoc|iPhone
		{874908E7-5E2D-4168-B8E3-35EB4D4CBAA0}.Ad-Hoc|iPhone.Build.0 = Ad-Hoc|iPhone
		{874908E7-5E2D-4168-B8E3-35EB4D4CBAA0}.Ad-Hoc|iPhoneSimulator.ActiveCfg = Ad-Hoc|iPhoneSimulator
		{874908E7-5E2D-4168-B8E3-35EB4D4CBAA0}.Ad-Hoc|iPhoneSimulator.Build.0 = Ad-Hoc|iPhoneSimulator
		{874908E7-5E2D-4168-B8E3-35EB4D4CBAA0}.Ad-Hoc|Windows Phone (Universal).ActiveCfg = Ad-Hoc|iPhoneSimulator
		{874908E7-5E2D-4168-B8E3-35EB4D4CBAA0}.Ad-Hoc|Windows Phone 8.ActiveCfg = Ad-Hoc|iPhoneSimulator
		{874908E7-5E2D-4168-B8E3-35EB4D4CBAA0}.Ad-Hoc|Windows-AnyCPU.ActiveCfg = Ad-Hoc|iPhoneSimulator
		{874908E7-5E2D-4168-B8E3-35EB4D4CBAA0}.Ad-Hoc|Windows-ARM.ActiveCfg = Ad-Hoc|iPhoneSimulator
		{874908E7-5E2D-4168-B8E3-35EB4D4CBAA0}.Ad-Hoc|Windows-x64.ActiveCfg = Ad-Hoc|iPhoneSimulator
		{874908E7-5E2D-4168-B8E3-35EB4D4CBAA0}.Ad-Hoc|Windows-x86.ActiveCfg = Ad-Hoc|iPhoneSimulator
		{874908E7-5E2D-4168-B8E3-35EB4D4CBAA0}.Ad-Hoc|x86.ActiveCfg = Ad-Hoc|iPhone
		{874908E7-5E2D-4168-B8E3-35EB4D4CBAA0}.AppStore|Android.ActiveCfg = AppStore|iPhoneSimulator
		{874908E7-5E2D-4168-B8E3-35EB4D4CBAA0}.AppStore|Any CPU.ActiveCfg = AppStore|iPhone
		{874908E7-5E2D-4168-B8E3-35EB4D4CBAA0}.AppStore|ARM.ActiveCfg = AppStore|iPhone
		{874908E7-5E2D-4168-B8E3-35EB4D4CBAA0}.AppStore|iOS.ActiveCfg = AppStore|iPhoneSimulator
		{874908E7-5E2D-4168-B8E3-35EB4D4CBAA0}.AppStore|iPhone.ActiveCfg = AppStore|iPhone
		{874908E7-5E2D-4168-B8E3-35EB4D4CBAA0}.AppStore|iPhone.Build.0 = AppStore|iPhone
		{874908E7-5E2D-4168-B8E3-35EB4D4CBAA0}.AppStore|iPhoneSimulator.ActiveCfg = AppStore|iPhoneSimulator
		{874908E7-5E2D-4168-B8E3-35EB4D4CBAA0}.AppStore|iPhoneSimulator.Build.0 = AppStore|iPhoneSimulator
		{874908E7-5E2D-4168-B8E3-35EB4D4CBAA0}.AppStore|Windows Phone (Universal).ActiveCfg = AppStore|iPhoneSimulator
		{874908E7-5E2D-4168-B8E3-35EB4D4CBAA0}.AppStore|Windows Phone 8.ActiveCfg = AppStore|iPhoneSimulator
		{874908E7-5E2D-4168-B8E3-35EB4D4CBAA0}.AppStore|Windows-AnyCPU.ActiveCfg = AppStore|iPhoneSimulator
		{874908E7-5E2D-4168-B8E3-35EB4D4CBAA0}.AppStore|Windows-ARM.ActiveCfg = AppStore|iPhoneSimulator
		{874908E7-5E2D-4168-B8E3-35EB4D4CBAA0}.AppStore|Windows-x64.ActiveCfg = AppStore|iPhoneSimulator
		{874908E7-5E2D-4168-B8E3-35EB4D4CBAA0}.AppStore|Windows-x86.ActiveCfg = AppStore|iPhoneSimulator
		{874908E7-5E2D-4168-B8E3-35EB4D4CBAA0}.AppStore|x86.ActiveCfg = AppStore|iPhone
		{874908E7-5E2D-4168-B8E3-35EB4D4CBAA0}.Debug|Android.ActiveCfg = Debug|iPhoneSimulator
		{874908E7-5E2D-4168-B8E3-35EB4D4CBAA0}.Debug|Any CPU.ActiveCfg = Debug|iPhone
		{874908E7-5E2D-4168-B8E3-35EB4D4CBAA0}.Debug|ARM.ActiveCfg = Debug|iPhone
		{874908E7-5E2D-4168-B8E3-35EB4D4CBAA0}.Debug|iOS.ActiveCfg = Debug|iPhoneSimulator
		{874908E7-5E2D-4168-B8E3-35EB4D4CBAA0}.Debug|iPhone.ActiveCfg = Debug|iPhone
		{874908E7-5E2D-4168-B8E3-35EB4D4CBAA0}.Debug|iPhone.Build.0 = Debug|iPhone
		{874908E7-5E2D-4168-B8E3-35EB4D4CBAA0}.Debug|iPhoneSimulator.ActiveCfg = Debug|iPhoneSimulator
		{874908E7-5E2D-4168-B8E3-35EB4D4CBAA0}.Debug|iPhoneSimulator.Build.0 = Debug|iPhoneSimulator
		{874908E7-5E2D-4168-B8E3-35EB4D4CBAA0}.Debug|Windows Phone (Universal).ActiveCfg = Debug|iPhoneSimulator
		{874908E7-5E2D-4168-B8E3-35EB4D4CBAA0}.Debug|Windows Phone 8.ActiveCfg = Debug|iPhoneSimulator
		{874908E7-5E2D-4168-B8E3-35EB4D4CBAA0}.Debug|Windows-AnyCPU.ActiveCfg = Debug|iPhoneSimulator
		{874908E7-5E2D-4168-B8E3-35EB4D4CBAA0}.Debug|Windows-ARM.ActiveCfg = Debug|iPhoneSimulator
		{874908E7-5E2D-4168-B8E3-35EB4D4CBAA0}.Debug|Windows-x64.ActiveCfg = Debug|iPhoneSimulator
		{874908E7-5E2D-4168-B8E3-35EB4D4CBAA0}.Debug|Windows-x86.ActiveCfg = Debug|iPhoneSimulator
		{874908E7-5E2D-4168-B8E3-35EB4D4CBAA0}.Debug|x86.ActiveCfg = Debug|iPhone
		{874908E7-5E2D-4168-B8E3-35EB4D4CBAA0}.Release|Android.ActiveCfg = Release|iPhoneSimulator
		{874908E7-5E2D-4168-B8E3-35EB4D4CBAA0}.Release|Any CPU.ActiveCfg = Release|iPhone
		{874908E7-5E2D-4168-B8E3-35EB4D4CBAA0}.Release|ARM.ActiveCfg = Release|iPhone
		{874908E7-5E2D-4168-B8E3-35EB4D4CBAA0}.Release|iOS.ActiveCfg = Release|iPhoneSimulator
		{874908E7-5E2D-4168-B8E3-35EB4D4CBAA0}.Release|iPhone.ActiveCfg = Release|iPhone
		{874908E7-5E2D-4168-B8E3-35EB4D4CBAA0}.Release|iPhone.Build.0 = Release|iPhone
		{874908E7-5E2D-4168-B8E3-35EB4D4CBAA0}.Release|iPhoneSimulator.ActiveCfg = Release|iPhoneSimulator
		{874908E7-5E2D-4168-B8E3-35EB4D4CBAA0}.Release|iPhoneSimulator.Build.0 = Release|iPhoneSimulator
		{874908E7-5E2D-4168-B8E3-35EB4D4CBAA0}.Release|Windows Phone (Universal).ActiveCfg = Release|iPhoneSimulator
		{874908E7-5E2D-4168-B8E3-35EB4D4CBAA0}.Release|Windows Phone 8.ActiveCfg = Release|iPhoneSimulator
		{874908E7-5E2D-4168-B8E3-35EB4D4CBAA0}.Release|Windows-AnyCPU.ActiveCfg = Release|iPhoneSimulator
		{874908E7-5E2D-4168-B8E3-35EB4D4CBAA0}.Release|Windows-ARM.ActiveCfg = Release|iPhoneSimulator
		{874908E7-5E2D-4168-B8E3-35EB4D4CBAA0}.Release|Windows-x64.ActiveCfg = Release|iPhoneSimulator
		{874908E7-5E2D-4168-B8E3-35EB4D4CBAA0}.Release|Windows-x86.ActiveCfg = Release|iPhoneSimulator
		{874908E7-5E2D-4168-B8E3-35EB4D4CBAA0}.Release|x86.ActiveCfg = Release|iPhone
		{F53B6FC5-15ED-4D39-9947-881E859B4B61}.Ad-Hoc|Android.ActiveCfg = Debug|Any CPU
		{F53B6FC5-15ED-4D39-9947-881E859B4B61}.Ad-Hoc|Android.Build.0 = Debug|Any CPU
		{F53B6FC5-15ED-4D39-9947-881E859B4B61}.Ad-Hoc|Any CPU.ActiveCfg = Release|Any CPU
		{F53B6FC5-15ED-4D39-9947-881E859B4B61}.Ad-Hoc|Any CPU.Build.0 = Release|Any CPU
		{F53B6FC5-15ED-4D39-9947-881E859B4B61}.Ad-Hoc|ARM.ActiveCfg = Release|Any CPU
		{F53B6FC5-15ED-4D39-9947-881E859B4B61}.Ad-Hoc|ARM.Build.0 = Release|Any CPU
		{F53B6FC5-15ED-4D39-9947-881E859B4B61}.Ad-Hoc|iOS.ActiveCfg = Debug|Any CPU
		{F53B6FC5-15ED-4D39-9947-881E859B4B61}.Ad-Hoc|iOS.Build.0 = Debug|Any CPU
		{F53B6FC5-15ED-4D39-9947-881E859B4B61}.Ad-Hoc|iPhone.ActiveCfg = Release|Any CPU
		{F53B6FC5-15ED-4D39-9947-881E859B4B61}.Ad-Hoc|iPhone.Build.0 = Release|Any CPU
		{F53B6FC5-15ED-4D39-9947-881E859B4B61}.Ad-Hoc|iPhoneSimulator.ActiveCfg = Release|Any CPU
		{F53B6FC5-15ED-4D39-9947-881E859B4B61}.Ad-Hoc|iPhoneSimulator.Build.0 = Release|Any CPU
		{F53B6FC5-15ED-4D39-9947-881E859B4B61}.Ad-Hoc|Windows Phone (Universal).ActiveCfg = Debug|Any CPU
		{F53B6FC5-15ED-4D39-9947-881E859B4B61}.Ad-Hoc|Windows Phone (Universal).Build.0 = Debug|Any CPU
		{F53B6FC5-15ED-4D39-9947-881E859B4B61}.Ad-Hoc|Windows Phone 8.ActiveCfg = Debug|Any CPU
		{F53B6FC5-15ED-4D39-9947-881E859B4B61}.Ad-Hoc|Windows Phone 8.Build.0 = Debug|Any CPU
		{F53B6FC5-15ED-4D39-9947-881E859B4B61}.Ad-Hoc|Windows-AnyCPU.ActiveCfg = Debug|Any CPU
		{F53B6FC5-15ED-4D39-9947-881E859B4B61}.Ad-Hoc|Windows-AnyCPU.Build.0 = Debug|Any CPU
		{F53B6FC5-15ED-4D39-9947-881E859B4B61}.Ad-Hoc|Windows-ARM.ActiveCfg = Debug|Any CPU
		{F53B6FC5-15ED-4D39-9947-881E859B4B61}.Ad-Hoc|Windows-ARM.Build.0 = Debug|Any CPU
		{F53B6FC5-15ED-4D39-9947-881E859B4B61}.Ad-Hoc|Windows-x64.ActiveCfg = Debug|Any CPU
		{F53B6FC5-15ED-4D39-9947-881E859B4B61}.Ad-Hoc|Windows-x64.Build.0 = Debug|Any CPU
		{F53B6FC5-15ED-4D39-9947-881E859B4B61}.Ad-Hoc|Windows-x86.ActiveCfg = Debug|Any CPU
		{F53B6FC5-15ED-4D39-9947-881E859B4B61}.Ad-Hoc|Windows-x86.Build.0 = Debug|Any CPU
		{F53B6FC5-15ED-4D39-9947-881E859B4B61}.Ad-Hoc|x86.ActiveCfg = Release|Any CPU
		{F53B6FC5-15ED-4D39-9947-881E859B4B61}.Ad-Hoc|x86.Build.0 = Release|Any CPU
		{F53B6FC5-15ED-4D39-9947-881E859B4B61}.AppStore|Android.ActiveCfg = Debug|Any CPU
		{F53B6FC5-15ED-4D39-9947-881E859B4B61}.AppStore|Android.Build.0 = Debug|Any CPU
		{F53B6FC5-15ED-4D39-9947-881E859B4B61}.AppStore|Any CPU.ActiveCfg = Release|Any CPU
		{F53B6FC5-15ED-4D39-9947-881E859B4B61}.AppStore|Any CPU.Build.0 = Release|Any CPU
		{F53B6FC5-15ED-4D39-9947-881E859B4B61}.AppStore|ARM.ActiveCfg = Release|Any CPU
		{F53B6FC5-15ED-4D39-9947-881E859B4B61}.AppStore|ARM.Build.0 = Release|Any CPU
		{F53B6FC5-15ED-4D39-9947-881E859B4B61}.AppStore|iOS.ActiveCfg = Debug|Any CPU
		{F53B6FC5-15ED-4D39-9947-881E859B4B61}.AppStore|iOS.Build.0 = Debug|Any CPU
		{F53B6FC5-15ED-4D39-9947-881E859B4B61}.AppStore|iPhone.ActiveCfg = Release|Any CPU
		{F53B6FC5-15ED-4D39-9947-881E859B4B61}.AppStore|iPhone.Build.0 = Release|Any CPU
		{F53B6FC5-15ED-4D39-9947-881E859B4B61}.AppStore|iPhoneSimulator.ActiveCfg = Release|Any CPU
		{F53B6FC5-15ED-4D39-9947-881E859B4B61}.AppStore|iPhoneSimulator.Build.0 = Release|Any CPU
		{F53B6FC5-15ED-4D39-9947-881E859B4B61}.AppStore|Windows Phone (Universal).ActiveCfg = Debug|Any CPU
		{F53B6FC5-15ED-4D39-9947-881E859B4B61}.AppStore|Windows Phone (Universal).Build.0 = Debug|Any CPU
		{F53B6FC5-15ED-4D39-9947-881E859B4B61}.AppStore|Windows Phone 8.ActiveCfg = Debug|Any CPU
		{F53B6FC5-15ED-4D39-9947-881E859B4B61}.AppStore|Windows Phone 8.Build.0 = Debug|Any CPU
		{F53B6FC5-15ED-4D39-9947-881E859B4B61}.AppStore|Windows-AnyCPU.ActiveCfg = Debug|Any CPU
		{F53B6FC5-15ED-4D39-9947-881E859B4B61}.AppStore|Windows-AnyCPU.Build.0 = Debug|Any CPU
		{F53B6FC5-15ED-4D39-9947-881E859B4B61}.AppStore|Windows-ARM.ActiveCfg = Debug|Any CPU
		{F53B6FC5-15ED-4D39-9947-881E859B4B61}.AppStore|Windows-ARM.Build.0 = Debug|Any CPU
		{F53B6FC5-15ED-4D39-9947-881E859B4B61}.AppStore|Windows-x64.ActiveCfg = Debug|Any CPU
		{F53B6FC5-15ED-4D39-9947-881E859B4B61}.AppStore|Windows-x64.Build.0 = Debug|Any CPU
		{F53B6FC5-15ED-4D39-9947-881E859B4B61}.AppStore|Windows-x86.ActiveCfg = Debug|Any CPU
		{F53B6FC5-15ED-4D39-9947-881E859B4B61}.AppStore|Windows-x86.Build.0 = Debug|Any CPU
		{F53B6FC5-15ED-4D39-9947-881E859B4B61}.AppStore|x86.ActiveCfg = Release|Any CPU
		{F53B6FC5-15ED-4D39-9947-881E859B4B61}.AppStore|x86.Build.0 = Release|Any CPU
		{F53B6FC5-15ED-4D39-9947-881E859B4B61}.Debug|Android.ActiveCfg = Debug|Any CPU
		{F53B6FC5-15ED-4D39-9947-881E859B4B61}.Debug|Android.Build.0 = Debug|Any CPU
		{F53B6FC5-15ED-4D39-9947-881E859B4B61}.Debug|Any CPU.ActiveCfg = Debug|Any CPU
		{F53B6FC5-15ED-4D39-9947-881E859B4B61}.Debug|Any CPU.Build.0 = Debug|Any CPU
		{F53B6FC5-15ED-4D39-9947-881E859B4B61}.Debug|ARM.ActiveCfg = Debug|Any CPU
		{F53B6FC5-15ED-4D39-9947-881E859B4B61}.Debug|ARM.Build.0 = Debug|Any CPU
		{F53B6FC5-15ED-4D39-9947-881E859B4B61}.Debug|iOS.ActiveCfg = Debug|Any CPU
		{F53B6FC5-15ED-4D39-9947-881E859B4B61}.Debug|iOS.Build.0 = Debug|Any CPU
		{F53B6FC5-15ED-4D39-9947-881E859B4B61}.Debug|iPhone.ActiveCfg = Debug|Any CPU
		{F53B6FC5-15ED-4D39-9947-881E859B4B61}.Debug|iPhone.Build.0 = Debug|Any CPU
		{F53B6FC5-15ED-4D39-9947-881E859B4B61}.Debug|iPhoneSimulator.ActiveCfg = Debug|Any CPU
		{F53B6FC5-15ED-4D39-9947-881E859B4B61}.Debug|iPhoneSimulator.Build.0 = Debug|Any CPU
		{F53B6FC5-15ED-4D39-9947-881E859B4B61}.Debug|Windows Phone (Universal).ActiveCfg = Debug|Any CPU
		{F53B6FC5-15ED-4D39-9947-881E859B4B61}.Debug|Windows Phone (Universal).Build.0 = Debug|Any CPU
		{F53B6FC5-15ED-4D39-9947-881E859B4B61}.Debug|Windows Phone 8.ActiveCfg = Debug|Any CPU
		{F53B6FC5-15ED-4D39-9947-881E859B4B61}.Debug|Windows Phone 8.Build.0 = Debug|Any CPU
		{F53B6FC5-15ED-4D39-9947-881E859B4B61}.Debug|Windows-AnyCPU.ActiveCfg = Debug|Any CPU
		{F53B6FC5-15ED-4D39-9947-881E859B4B61}.Debug|Windows-AnyCPU.Build.0 = Debug|Any CPU
		{F53B6FC5-15ED-4D39-9947-881E859B4B61}.Debug|Windows-ARM.ActiveCfg = Debug|Any CPU
		{F53B6FC5-15ED-4D39-9947-881E859B4B61}.Debug|Windows-ARM.Build.0 = Debug|Any CPU
		{F53B6FC5-15ED-4D39-9947-881E859B4B61}.Debug|Windows-x64.ActiveCfg = Debug|Any CPU
		{F53B6FC5-15ED-4D39-9947-881E859B4B61}.Debug|Windows-x64.Build.0 = Debug|Any CPU
		{F53B6FC5-15ED-4D39-9947-881E859B4B61}.Debug|Windows-x86.ActiveCfg = Debug|Any CPU
		{F53B6FC5-15ED-4D39-9947-881E859B4B61}.Debug|Windows-x86.Build.0 = Debug|Any CPU
		{F53B6FC5-15ED-4D39-9947-881E859B4B61}.Debug|x86.ActiveCfg = Debug|Any CPU
		{F53B6FC5-15ED-4D39-9947-881E859B4B61}.Debug|x86.Build.0 = Debug|Any CPU
		{F53B6FC5-15ED-4D39-9947-881E859B4B61}.Release|Android.ActiveCfg = Release|Any CPU
		{F53B6FC5-15ED-4D39-9947-881E859B4B61}.Release|Android.Build.0 = Release|Any CPU
		{F53B6FC5-15ED-4D39-9947-881E859B4B61}.Release|Any CPU.ActiveCfg = Release|Any CPU
		{F53B6FC5-15ED-4D39-9947-881E859B4B61}.Release|Any CPU.Build.0 = Release|Any CPU
		{F53B6FC5-15ED-4D39-9947-881E859B4B61}.Release|ARM.ActiveCfg = Release|Any CPU
		{F53B6FC5-15ED-4D39-9947-881E859B4B61}.Release|ARM.Build.0 = Release|Any CPU
		{F53B6FC5-15ED-4D39-9947-881E859B4B61}.Release|iOS.ActiveCfg = Release|Any CPU
		{F53B6FC5-15ED-4D39-9947-881E859B4B61}.Release|iOS.Build.0 = Release|Any CPU
		{F53B6FC5-15ED-4D39-9947-881E859B4B61}.Release|iPhone.ActiveCfg = Release|Any CPU
		{F53B6FC5-15ED-4D39-9947-881E859B4B61}.Release|iPhone.Build.0 = Release|Any CPU
		{F53B6FC5-15ED-4D39-9947-881E859B4B61}.Release|iPhoneSimulator.ActiveCfg = Release|Any CPU
		{F53B6FC5-15ED-4D39-9947-881E859B4B61}.Release|iPhoneSimulator.Build.0 = Release|Any CPU
		{F53B6FC5-15ED-4D39-9947-881E859B4B61}.Release|Windows Phone (Universal).ActiveCfg = Release|Any CPU
		{F53B6FC5-15ED-4D39-9947-881E859B4B61}.Release|Windows Phone (Universal).Build.0 = Release|Any CPU
		{F53B6FC5-15ED-4D39-9947-881E859B4B61}.Release|Windows Phone 8.ActiveCfg = Release|Any CPU
		{F53B6FC5-15ED-4D39-9947-881E859B4B61}.Release|Windows Phone 8.Build.0 = Release|Any CPU
		{F53B6FC5-15ED-4D39-9947-881E859B4B61}.Release|Windows-AnyCPU.ActiveCfg = Release|Any CPU
		{F53B6FC5-15ED-4D39-9947-881E859B4B61}.Release|Windows-AnyCPU.Build.0 = Release|Any CPU
		{F53B6FC5-15ED-4D39-9947-881E859B4B61}.Release|Windows-ARM.ActiveCfg = Release|Any CPU
		{F53B6FC5-15ED-4D39-9947-881E859B4B61}.Release|Windows-ARM.Build.0 = Release|Any CPU
		{F53B6FC5-15ED-4D39-9947-881E859B4B61}.Release|Windows-x64.ActiveCfg = Release|Any CPU
		{F53B6FC5-15ED-4D39-9947-881E859B4B61}.Release|Windows-x64.Build.0 = Release|Any CPU
		{F53B6FC5-15ED-4D39-9947-881E859B4B61}.Release|Windows-x86.ActiveCfg = Release|Any CPU
		{F53B6FC5-15ED-4D39-9947-881E859B4B61}.Release|Windows-x86.Build.0 = Release|Any CPU
		{F53B6FC5-15ED-4D39-9947-881E859B4B61}.Release|x86.ActiveCfg = Release|Any CPU
		{F53B6FC5-15ED-4D39-9947-881E859B4B61}.Release|x86.Build.0 = Release|Any CPU
	EndGlobalSection
	GlobalSection(SolutionProperties) = preSolution
		HideSolutionNode = FALSE
	EndGlobalSection
EndGlobal
